
Microsoft Visual Studio Solution File, Format Version 12.00
# Visual Studio Version 16
VisualStudioVersion = 16.0.31702.278
MinimumVisualStudioVersion = 10.0.40219.1
Project("{FAE04EC0-301F-11D3-BF4B-00C04F79EFBC}") = "WPF_UI", "WPF_UI\WPF_UI.csproj", "{34442A6B-8729-4A41-9960-F6BA51C9DFBD}"
EndProject
Global
	GlobalSection(SolutionConfigurationPlatforms) = preSolution
		Debug|Any CPU = Debug|Any CPU
		Release|Any CPU = Release|Any CPU
	EndGlobalSection
	GlobalSection(ProjectConfigurationPlatforms) = postSolution
		{34442A6B-8729-4A41-9960-F6BA51C9DFBD}.Debug|Any CPU.ActiveCfg = Debug|Any CPU
		{34442A6B-8729-4A41-9960-F6BA51C9DFBD}.Debug|Any CPU.Build.0 = Debug|Any CPU
		{34442A6B-8729-4A41-9960-F6BA51C9DFBD}.Release|Any CPU.ActiveCfg = Release|Any CPU
		{34442A6B-8729-4A41-9960-F6BA51C9DFBD}.Release|Any CPU.Build.0 = Release|Any CPU
	EndGlobalSection
	GlobalSection(SolutionProperties) = preSolution
		HideSolutionNode = FALSE
	EndGlobalSection
	GlobalSection(ExtensibilityGlobals) = postSolution
		SolutionGuid = {821C6206-1A49-44F7-94FD-A56005365072}
	EndGlobalSection
EndGlobal
